// !$*UTF8*$!
{
	archiveVersion = 1;
	classes = {
	};
	objectVersion = 50;
	objects = {

/* Begin PBXBuildFile section */
		4F7B910026DD2D4E00862139 /* AppDelegate.swift in Sources */ = {isa = PBXBuildFile; fileRef = 4F7B90FF26DD2D4E00862139 /* AppDelegate.swift */; };
		4F7B910226DD2D4E00862139 /* SceneDelegate.swift in Sources */ = {isa = PBXBuildFile; fileRef = 4F7B910126DD2D4E00862139 /* SceneDelegate.swift */; };
		4F7B910426DD2D4E00862139 /* ViewController.swift in Sources */ = {isa = PBXBuildFile; fileRef = 4F7B910326DD2D4E00862139 /* ViewController.swift */; };
		4F7B910726DD2D4E00862139 /* Main.storyboard in Resources */ = {isa = PBXBuildFile; fileRef = 4F7B910526DD2D4E00862139 /* Main.storyboard */; };
		4F7B910926DD2D5200862139 /* Assets.xcassets in Resources */ = {isa = PBXBuildFile; fileRef = 4F7B910826DD2D5200862139 /* Assets.xcassets */; };
		4F7B910C26DD2D5200862139 /* LaunchScreen.storyboard in Resources */ = {isa = PBXBuildFile; fileRef = 4F7B910A26DD2D5200862139 /* LaunchScreen.storyboard */; };
		4FE5D2B526FAEE7E005E548D /* LogicManager.swift in Sources */ = {isa = PBXBuildFile; fileRef = 4FE5D2B426FAEE7E005E548D /* LogicManager.swift */; };
		4FE5D2B726FAEF7F005E548D /* gradientBackground.swift in Sources */ = {isa = PBXBuildFile; fileRef = 4FE5D2B626FAEF7F005E548D /* gradientBackground.swift */; };
		4FE5D2BB26FD62CF005E548D /* Style1Button.swift in Sources */ = {isa = PBXBuildFile; fileRef = 4FE5D2BA26FD62CF005E548D /* Style1Button.swift */; };
		4FE5D2BE26FD6492005E548D /* Constants.swift in Sources */ = {isa = PBXBuildFile; fileRef = 4FE5D2BD26FD6492005E548D /* Constants.swift */; };
		4FE5D2C026FD66DE005E548D /* Style2Button.swift in Sources */ = {isa = PBXBuildFile; fileRef = 4FE5D2BF26FD66DE005E548D /* Style2Button.swift */; };
		4FE5D2C226FD66F1005E548D /* Style3Button.swift in Sources */ = {isa = PBXBuildFile; fileRef = 4FE5D2C126FD66F1005E548D /* Style3Button.swift */; };
		4FE5D2C426FD6700005E548D /* Style4Button.swift in Sources */ = {isa = PBXBuildFile; fileRef = 4FE5D2C326FD6700005E548D /* Style4Button.swift */; };
/* End PBXBuildFile section */

/* Begin PBXFileReference section */
		4F7B90FC26DD2D4E00862139 /* CalculatorPractice.app */ = {isa = PBXFileReference; explicitFileType = wrapper.application; includeInIndex = 0; path = CalculatorPractice.app; sourceTree = BUILT_PRODUCTS_DIR; };
		4F7B90FF26DD2D4E00862139 /* AppDelegate.swift */ = {isa = PBXFileReference; lastKnownFileType = sourcecode.swift; path = AppDelegate.swift; sourceTree = "<group>"; };
		4F7B910126DD2D4E00862139 /* SceneDelegate.swift */ = {isa = PBXFileReference; lastKnownFileType = sourcecode.swift; path = SceneDelegate.swift; sourceTree = "<group>"; };
		4F7B910326DD2D4E00862139 /* ViewController.swift */ = {isa = PBXFileReference; lastKnownFileType = sourcecode.swift; path = ViewController.swift; sourceTree = "<group>"; };
		4F7B910626DD2D4E00862139 /* Base */ = {isa = PBXFileReference; lastKnownFileType = file.storyboard; name = Base; path = Base.lproj/Main.storyboard; sourceTree = "<group>"; };
		4F7B910826DD2D5200862139 /* Assets.xcassets */ = {isa = PBXFileReference; lastKnownFileType = folder.assetcatalog; path = Assets.xcassets; sourceTree = "<group>"; };
		4F7B910B26DD2D5200862139 /* Base */ = {isa = PBXFileReference; lastKnownFileType = file.storyboard; name = Base; path = Base.lproj/LaunchScreen.storyboard; sourceTree = "<group>"; };
		4F7B910D26DD2D5200862139 /* Info.plist */ = {isa = PBXFileReference; lastKnownFileType = text.plist.xml; path = Info.plist; sourceTree = "<group>"; };
		4FE5D2B426FAEE7E005E548D /* LogicManager.swift */ = {isa = PBXFileReference; lastKnownFileType = sourcecode.swift; path = LogicManager.swift; sourceTree = "<group>"; };
		4FE5D2B626FAEF7F005E548D /* gradientBackground.swift */ = {isa = PBXFileReference; lastKnownFileType = sourcecode.swift; path = gradientBackground.swift; sourceTree = "<group>"; };
		4FE5D2BA26FD62CF005E548D /* Style1Button.swift */ = {isa = PBXFileReference; lastKnownFileType = sourcecode.swift; path = Style1Button.swift; sourceTree = "<group>"; };
		4FE5D2BD26FD6492005E548D /* Constants.swift */ = {isa = PBXFileReference; lastKnownFileType = sourcecode.swift; path = Constants.swift; sourceTree = "<group>"; };
		4FE5D2BF26FD66DE005E548D /* Style2Button.swift */ = {isa = PBXFileReference; lastKnownFileType = sourcecode.swift; path = Style2Button.swift; sourceTree = "<group>"; };
		4FE5D2C126FD66F1005E548D /* Style3Button.swift */ = {isa = PBXFileReference; lastKnownFileType = sourcecode.swift; path = Style3Button.swift; sourceTree = "<group>"; };
		4FE5D2C326FD6700005E548D /* Style4Button.swift */ = {isa = PBXFileReference; lastKnownFileType = sourcecode.swift; path = Style4Button.swift; sourceTree = "<group>"; };
/* End PBXFileReference section */

/* Begin PBXFrameworksBuildPhase section */
		4F7B90F926DD2D4E00862139 /* Frameworks */ = {
			isa = PBXFrameworksBuildPhase;
			buildActionMask = 2147483647;
			files = (
			);
			runOnlyForDeploymentPostprocessing = 0;
		};
/* End PBXFrameworksBuildPhase section */

/* Begin PBXGroup section */
		4F7B90F326DD2D4E00862139 = {
			isa = PBXGroup;
			children = (
				4F7B90FE26DD2D4E00862139 /* CalculatorPractice */,
				4F7B90FD26DD2D4E00862139 /* Products */,
			);
			sourceTree = "<group>";
		};
		4F7B90FD26DD2D4E00862139 /* Products */ = {
			isa = PBXGroup;
			children = (
				4F7B90FC26DD2D4E00862139 /* CalculatorPractice.app */,
			);
			name = Products;
			sourceTree = "<group>";
		};
		4F7B90FE26DD2D4E00862139 /* CalculatorPractice */ = {
			isa = PBXGroup;
			children = (
				4FE5D2BC26FD647D005E548D /* Utilities */,
				4FE5D2B926FD628E005E548D /* Views */,
				4FE5D2B826FD6281005E548D /* Controllers */,
				4FE5D2B326FAEE65005E548D /* Models */,
				4F7B90FF26DD2D4E00862139 /* AppDelegate.swift */,
				4F7B910126DD2D4E00862139 /* SceneDelegate.swift */,
				4F7B910526DD2D4E00862139 /* Main.storyboard */,
				4F7B910826DD2D5200862139 /* Assets.xcassets */,
				4F7B910A26DD2D5200862139 /* LaunchScreen.storyboard */,
				4F7B910D26DD2D5200862139 /* Info.plist */,
			);
			path = CalculatorPractice;
			sourceTree = "<group>";
		};
		4FE5D2B326FAEE65005E548D /* Models */ = {
			isa = PBXGroup;
			children = (
				4FE5D2B426FAEE7E005E548D /* LogicManager.swift */,
				4FE5D2B626FAEF7F005E548D /* gradientBackground.swift */,
			);
			path = Models;
			sourceTree = "<group>";
		};
		4FE5D2B826FD6281005E548D /* Controllers */ = {
			isa = PBXGroup;
			children = (
				4F7B910326DD2D4E00862139 /* ViewController.swift */,
			);
			path = Controllers;
			sourceTree = "<group>";
		};
		4FE5D2B926FD628E005E548D /* Views */ = {
			isa = PBXGroup;
			children = (
				4FE5D2BA26FD62CF005E548D /* Style1Button.swift */,
				4FE5D2BF26FD66DE005E548D /* Style2Button.swift */,
				4FE5D2C126FD66F1005E548D /* Style3Button.swift */,
				4FE5D2C326FD6700005E548D /* Style4Button.swift */,
			);
			path = Views;
			sourceTree = "<group>";
		};
		4FE5D2BC26FD647D005E548D /* Utilities */ = {
			isa = PBXGroup;
			children = (
				4FE5D2BD26FD6492005E548D /* Constants.swift */,
			);
			path = Utilities;
			sourceTree = "<group>";
		};
/* End PBXGroup section */

/* Begin PBXNativeTarget section */
		4F7B90FB26DD2D4E00862139 /* CalculatorPractice */ = {
			isa = PBXNativeTarget;
			buildConfigurationList = 4F7B911026DD2D5200862139 /* Build configuration list for PBXNativeTarget "CalculatorPractice" */;
			buildPhases = (
				4F7B90F826DD2D4E00862139 /* Sources */,
				4F7B90F926DD2D4E00862139 /* Frameworks */,
				4F7B90FA26DD2D4E00862139 /* Resources */,
			);
			buildRules = (
			);
			dependencies = (
			);
			name = CalculatorPractice;
			productName = CalculatorPractice;
			productReference = 4F7B90FC26DD2D4E00862139 /* CalculatorPractice.app */;
			productType = "com.apple.product-type.application";
		};
/* End PBXNativeTarget section */

/* Begin PBXProject section */
		4F7B90F426DD2D4E00862139 /* Project object */ = {
			isa = PBXProject;
			attributes = {
				LastSwiftUpdateCheck = 1250;
				LastUpgradeCheck = 1250;
				TargetAttributes = {
					4F7B90FB26DD2D4E00862139 = {
						CreatedOnToolsVersion = 12.5.1;
					};
				};
			};
			buildConfigurationList = 4F7B90F726DD2D4E00862139 /* Build configuration list for PBXProject "CalculatorPractice" */;
			compatibilityVersion = "Xcode 9.3";
			developmentRegion = en;
			hasScannedForEncodings = 0;
			knownRegions = (
				en,
				Base,
			);
			mainGroup = 4F7B90F326DD2D4E00862139;
			productRefGroup = 4F7B90FD26DD2D4E00862139 /* Products */;
			projectDirPath = "";
			projectRoot = "";
			targets = (
				4F7B90FB26DD2D4E00862139 /* CalculatorPractice */,
			);
		};
/* End PBXProject section */

/* Begin PBXResourcesBuildPhase section */
		4F7B90FA26DD2D4E00862139 /* Resources */ = {
			isa = PBXResourcesBuildPhase;
			buildActionMask = 2147483647;
			files = (
				4F7B910C26DD2D5200862139 /* LaunchScreen.storyboard in Resources */,
				4F7B910926DD2D5200862139 /* Assets.xcassets in Resources */,
				4F7B910726DD2D4E00862139 /* Main.storyboard in Resources */,
			);
			runOnlyForDeploymentPostprocessing = 0;
		};
/* End PBXResourcesBuildPhase section */

/* Begin PBXSourcesBuildPhase section */
		4F7B90F826DD2D4E00862139 /* Sources */ = {
			isa = PBXSourcesBuildPhase;
			buildActionMask = 2147483647;
			files = (
				4FE5D2C426FD6700005E548D /* Style4Button.swift in Sources */,
				4F7B910426DD2D4E00862139 /* ViewController.swift in Sources */,
				4F7B910026DD2D4E00862139 /* AppDelegate.swift in Sources */,
				4FE5D2B526FAEE7E005E548D /* LogicManager.swift in Sources */,
				4FE5D2C226FD66F1005E548D /* Style3Button.swift in Sources */,
				4FE5D2BB26FD62CF005E548D /* Style1Button.swift in Sources */,
				4FE5D2C026FD66DE005E548D /* Style2Button.swift in Sources */,
				4FE5D2BE26FD6492005E548D /* Constants.swift in Sources */,
				4FE5D2B726FAEF7F005E548D /* gradientBackground.swift in Sources */,
				4F7B910226DD2D4E00862139 /* SceneDelegate.swift in Sources */,
			);
			runOnlyForDeploymentPostprocessing = 0;
		};
/* End PBXSourcesBuildPhase section */

/* Begin PBXVariantGroup section */
		4F7B910526DD2D4E00862139 /* Main.storyboard */ = {
			isa = PBXVariantGroup;
			children = (
				4F7B910626DD2D4E00862139 /* Base */,
			);
			name = Main.storyboard;
			sourceTree = "<group>";
		};
		4F7B910A26DD2D5200862139 /* LaunchScreen.storyboard */ = {
			isa = PBXVariantGroup;
			children = (
				4F7B910B26DD2D5200862139 /* Base */,
			);
			name = LaunchScreen.storyboard;
			sourceTree = "<group>";
		};
/* End PBXVariantGroup section */

/* Begin XCBuildConfiguration section */
		4F7B910E26DD2D5200862139 /* Debug */ = {
			isa = XCBuildConfiguration;
			buildSettings = {
				ALWAYS_SEARCH_USER_PATHS = NO;
				CLANG_ANALYZER_NONNULL = YES;
				CLANG_ANALYZER_NUMBER_OBJECT_CONVERSION = YES_AGGRESSIVE;
				CLANG_CXX_LANGUAGE_STANDARD = "gnu++14";
				CLANG_CXX_LIBRARY = "libc++";
				CLANG_ENABLE_MODULES = YES;
				CLANG_ENABLE_OBJC_ARC = YES;
				CLANG_ENABLE_OBJC_WEAK = YES;
				CLANG_WARN_BLOCK_CAPTURE_AUTORELEASING = YES;
				CLANG_WARN_BOOL_CONVERSION = YES;
				CLANG_WARN_COMMA = YES;
				CLANG_WARN_CONSTANT_CONVERSION = YES;
				CLANG_WARN_DEPRECATED_OBJC_IMPLEMENTATIONS = YES;
				CLANG_WARN_DIRECT_OBJC_ISA_USAGE = YES_ERROR;
				CLANG_WARN_DOCUMENTATION_COMMENTS = YES;
				CLANG_WARN_EMPTY_BODY = YES;
				CLANG_WARN_ENUM_CONVERSION = YES;
				CLANG_WARN_INFINITE_RECURSION = YES;
				CLANG_WARN_INT_CONVERSION = YES;
				CLANG_WARN_NON_LITERAL_NULL_CONVERSION = YES;
				CLANG_WARN_OBJC_IMPLICIT_RETAIN_SELF = YES;
				CLANG_WARN_OBJC_LITERAL_CONVERSION = YES;
				CLANG_WARN_OBJC_ROOT_CLASS = YES_ERROR;
				CLANG_WARN_QUOTED_INCLUDE_IN_FRAMEWORK_HEADER = YES;
				CLANG_WARN_RANGE_LOOP_ANALYSIS = YES;
				CLANG_WARN_STRICT_PROTOTYPES = YES;
				CLANG_WARN_SUSPICIOUS_MOVE = YES;
				CLANG_WARN_UNGUARDED_AVAILABILITY = YES_AGGRESSIVE;
				CLANG_WARN_UNREACHABLE_CODE = YES;
				CLANG_WARN__DUPLICATE_METHOD_MATCH = YES;
				COPY_PHASE_STRIP = NO;
				DEBUG_INFORMATION_FORMAT = dwarf;
				ENABLE_STRICT_OBJC_MSGSEND = YES;
				ENABLE_TESTABILITY = YES;
				GCC_C_LANGUAGE_STANDARD = gnu11;
				GCC_DYNAMIC_NO_PIC = NO;
				GCC_NO_COMMON_BLOCKS = YES;
				GCC_OPTIMIZATION_LEVEL = 0;
				GCC_PREPROCESSOR_DEFINITIONS = (
					"DEBUG=1",
					"$(inherited)",
				);
				GCC_WARN_64_TO_32_BIT_CONVERSION = YES;
				GCC_WARN_ABOUT_RETURN_TYPE = YES_ERROR;
				GCC_WARN_UNDECLARED_SELECTOR = YES;
				GCC_WARN_UNINITIALIZED_AUTOS = YES_AGGRESSIVE;
				GCC_WARN_UNUSED_FUNCTION = YES;
				GCC_WARN_UNUSED_VARIABLE = YES;
				IPHONEOS_DEPLOYMENT_TARGET = 14.5;
				MTL_ENABLE_DEBUG_INFO = INCLUDE_SOURCE;
				MTL_FAST_MATH = YES;
				ONLY_ACTIVE_ARCH = YES;
				SDKROOT = iphoneos;
				SWIFT_ACTIVE_COMPILATION_CONDITIONS = DEBUG;
				SWIFT_OPTIMIZATION_LEVEL = "-Onone";
			};
			name = Debug;
		};
		4F7B910F26DD2D5200862139 /* Release */ = {
			isa = XCBuildConfiguration;
			buildSettings = {
				ALWAYS_SEARCH_USER_PATHS = NO;
				CLANG_ANALYZER_NONNULL = YES;
				CLANG_ANALYZER_NUMBER_OBJECT_CONVERSION = YES_AGGRESSIVE;
				CLANG_CXX_LANGUAGE_STANDARD = "gnu++14";
				CLANG_CXX_LIBRARY = "libc++";
				CLANG_ENABLE_MODULES = YES;
				CLANG_ENABLE_OBJC_ARC = YES;
				CLANG_ENABLE_OBJC_WEAK = YES;
				CLANG_WARN_BLOCK_CAPTURE_AUTORELEASING = YES;
				CLANG_WARN_BOOL_CONVERSION = YES;
				CLANG_WARN_COMMA = YES;
				CLANG_WARN_CONSTANT_CONVERSION = YES;
				CLANG_WARN_DEPRECATED_OBJC_IMPLEMENTATIONS = YES;
				CLANG_WARN_DIRECT_OBJC_ISA_USAGE = YES_ERROR;
				CLANG_WARN_DOCUMENTATION_COMMENTS = YES;
				CLANG_WARN_EMPTY_BODY = YES;
				CLANG_WARN_ENUM_CONVERSION = YES;
				CLANG_WARN_INFINITE_RECURSION = YES;
				CLANG_WARN_INT_CONVERSION = YES;
				CLANG_WARN_NON_LITERAL_NULL_CONVERSION = YES;
				CLANG_WARN_OBJC_IMPLICIT_RETAIN_SELF = YES;
				CLANG_WARN_OBJC_LITERAL_CONVERSION = YES;
				CLANG_WARN_OBJC_ROOT_CLASS = YES_ERROR;
				CLANG_WARN_QUOTED_INCLUDE_IN_FRAMEWORK_HEADER = YES;
				CLANG_WARN_RANGE_LOOP_ANALYSIS = YES;
				CLANG_WARN_STRICT_PROTOTYPES = YES;
				CLANG_WARN_SUSPICIOUS_MOVE = YES;
				CLANG_WARN_UNGUARDED_AVAILABILITY = YES_AGGRESSIVE;
				CLANG_WARN_UNREACHABLE_CODE = YES;
				CLANG_WARN__DUPLICATE_METHOD_MATCH = YES;
				COPY_PHASE_STRIP = NO;
				DEBUG_INFORMATION_FORMAT = "dwarf-with-dsym";
				ENABLE_NS_ASSERTIONS = NO;
				ENABLE_STRICT_OBJC_MSGSEND = YES;
				GCC_C_LANGUAGE_STANDARD = gnu11;
				GCC_NO_COMMON_BLOCKS = YES;
				GCC_WARN_64_TO_32_BIT_CONVERSION = YES;
				GCC_WARN_ABOUT_RETURN_TYPE = YES_ERROR;
				GCC_WARN_UNDECLARED_SELECTOR = YES;
				GCC_WARN_UNINITIALIZED_AUTOS = YES_AGGRESSIVE;
				GCC_WARN_UNUSED_FUNCTION = YES;
				GCC_WARN_UNUSED_VARIABLE = YES;
				IPHONEOS_DEPLOYMENT_TARGET = 14.5;
				MTL_ENABLE_DEBUG_INFO = NO;
				MTL_FAST_MATH = YES;
				SDKROOT = iphoneos;
				SWIFT_COMPILATION_MODE = wholemodule;
				SWIFT_OPTIMIZATION_LEVEL = "-O";
				VALIDATE_PRODUCT = YES;
			};
			name = Release;
		};
		4F7B911126DD2D5200862139 /* Debug */ = {
			isa = XCBuildConfiguration;
			buildSettings = {
				ASSETCATALOG_COMPILER_APPICON_NAME = AppIcon;
				ASSETCATALOG_COMPILER_GLOBAL_ACCENT_COLOR_NAME = AccentColor;
				CODE_SIGN_STYLE = Automatic;
				DEVELOPMENT_TEAM = 6U2TAM5353;
				INFOPLIST_FILE = CalculatorPractice/Info.plist;
				LD_RUNPATH_SEARCH_PATHS = (
					"$(inherited)",
					"@executable_path/Frameworks",
				);
				PRODUCT_BUNDLE_IDENTIFIER = com.krauserhuang.CalculatorPractice;
				PRODUCT_NAME = "$(TARGET_NAME)";
				SWIFT_VERSION = 5.0;
				TARGETED_DEVICE_FAMILY = "1,2";
			};
			name = Debug;
		};
		4F7B911226DD2D5200862139 /* Release */ = {
			isa = XCBuildConfiguration;
			buildSettings = {
				ASSETCATALOG_COMPILER_APPICON_NAME = AppIcon;
				ASSETCATALOG_COMPILER_GLOBAL_ACCENT_COLOR_NAME = AccentColor;
				CODE_SIGN_STYLE = Automatic;
				DEVELOPMENT_TEAM = 6U2TAM5353;
				INFOPLIST_FILE = CalculatorPractice/Info.plist;
				LD_RUNPATH_SEARCH_PATHS = (
					"$(inherited)",
					"@executable_path/Frameworks",
				);
				PRODUCT_BUNDLE_IDENTIFIER = com.krauserhuang.CalculatorPractice;
				PRODUCT_NAME = "$(TARGET_NAME)";
				SWIFT_VERSION = 5.0;
				TARGETED_DEVICE_FAMILY = "1,2";
			};
			name = Release;
		};
/* End XCBuildConfiguration section */

/* Begin XCConfigurationList section */
		4F7B90F726DD2D4E00862139 /* Build configuration list for PBXProject "CalculatorPractice" */ = {
			isa = XCConfigurationList;
			buildConfigurations = (
				4F7B910E26DD2D5200862139 /* Debug */,
				4F7B910F26DD2D5200862139 /* Release */,
			);
			defaultConfigurationIsVisible = 0;
			defaultConfigurationName = Release;
		};
		4F7B911026DD2D5200862139 /* Build configuration list for PBXNativeTarget "CalculatorPractice" */ = {
			isa = XCConfigurationList;
			buildConfigurations = (
				4F7B911126DD2D5200862139 /* Debug */,
				4F7B911226DD2D5200862139 /* Release */,
			);
			defaultConfigurationIsVisible = 0;
			defaultConfigurationName = Release;
		};
/* End XCConfigurationList section */
	};
	rootObject = 4F7B90F426DD2D4E00862139 /* Project object */;
}
